
Microsoft Visual Studio Solution File, Format Version 12.00
# Visual Studio Version 17
VisualStudioVersion = 17.4.33213.308
MinimumVisualStudioVersion = 10.0.40219.1
Project("{9A19103F-16F7-4668-BE54-9A1E7A4F7556}") = "day01", "day01\day01.csproj", "{B9F487B1-9F8F-47C4-AD8F-C42663382275}"
EndProject
Project("{9A19103F-16F7-4668-BE54-9A1E7A4F7556}") = "aoc", "..\aoc\aoc\aoc.csproj", "{6D11E169-FF31-45F5-9034-B55EDBA4BF4C}"
EndProject
Project("{9A19103F-16F7-4668-BE54-9A1E7A4F7556}") = "day02", "day02\day02.csproj", "{7DFF95CA-6F42-4176-814F-2E71C00EDCE3}"
EndProject
Project("{9A19103F-16F7-4668-BE54-9A1E7A4F7556}") = "day03", "day03\day03.csproj", "{367C7343-4986-4688-AE59-CE364D4C7E43}"
EndProject
Project("{FAE04EC0-301F-11D3-BF4B-00C04F79EFBC}") = "day04", "day04\day04.csproj", "{B2DF0B5A-D2F3-4069-9421-D2BE76DD6A7E}"
EndProject
Global
	GlobalSection(SolutionConfigurationPlatforms) = preSolution
		Debug|Any CPU = Debug|Any CPU
		Release|Any CPU = Release|Any CPU
	EndGlobalSection
	GlobalSection(ProjectConfigurationPlatforms) = postSolution
		{B9F487B1-9F8F-47C4-AD8F-C42663382275}.Debug|Any CPU.ActiveCfg = Debug|Any CPU
		{B9F487B1-9F8F-47C4-AD8F-C42663382275}.Debug|Any CPU.Build.0 = Debug|Any CPU
		{B9F487B1-9F8F-47C4-AD8F-C42663382275}.Release|Any CPU.ActiveCfg = Release|Any CPU
		{B9F487B1-9F8F-47C4-AD8F-C42663382275}.Release|Any CPU.Build.0 = Release|Any CPU
		{6D11E169-FF31-45F5-9034-B55EDBA4BF4C}.Debug|Any CPU.ActiveCfg = Debug|Any CPU
		{6D11E169-FF31-45F5-9034-B55EDBA4BF4C}.Debug|Any CPU.Build.0 = Debug|Any CPU
		{6D11E169-FF31-45F5-9034-B55EDBA4BF4C}.Release|Any CPU.ActiveCfg = Release|Any CPU
		{6D11E169-FF31-45F5-9034-B55EDBA4BF4C}.Release|Any CPU.Build.0 = Release|Any CPU
		{7DFF95CA-6F42-4176-814F-2E71C00EDCE3}.Debug|Any CPU.ActiveCfg = Debug|Any CPU
		{7DFF95CA-6F42-4176-814F-2E71C00EDCE3}.Debug|Any CPU.Build.0 = Debug|Any CPU
		{7DFF95CA-6F42-4176-814F-2E71C00EDCE3}.Release|Any CPU.ActiveCfg = Release|Any CPU
		{7DFF95CA-6F42-4176-814F-2E71C00EDCE3}.Release|Any CPU.Build.0 = Release|Any CPU
		{367C7343-4986-4688-AE59-CE364D4C7E43}.Debug|Any CPU.ActiveCfg = Debug|Any CPU
		{367C7343-4986-4688-AE59-CE364D4C7E43}.Debug|Any CPU.Build.0 = Debug|Any CPU
		{367C7343-4986-4688-AE59-CE364D4C7E43}.Release|Any CPU.ActiveCfg = Release|Any CPU
		{367C7343-4986-4688-AE59-CE364D4C7E43}.Release|Any CPU.Build.0 = Release|Any CPU
		{B2DF0B5A-D2F3-4069-9421-D2BE76DD6A7E}.Debug|Any CPU.ActiveCfg = Debug|Any CPU
		{B2DF0B5A-D2F3-4069-9421-D2BE76DD6A7E}.Debug|Any CPU.Build.0 = Debug|Any CPU
		{B2DF0B5A-D2F3-4069-9421-D2BE76DD6A7E}.Release|Any CPU.ActiveCfg = Release|Any CPU
		{B2DF0B5A-D2F3-4069-9421-D2BE76DD6A7E}.Release|Any CPU.Build.0 = Release|Any CPU
	EndGlobalSection
	GlobalSection(SolutionProperties) = preSolution
		HideSolutionNode = FALSE
	EndGlobalSection
	GlobalSection(ExtensibilityGlobals) = postSolution
		SolutionGuid = {F17B6D13-E8D5-4C74-AD1E-5FF62C3AB5DE}
	EndGlobalSection
EndGlobal
