
Microsoft Visual Studio Solution File, Format Version 12.00
# Visual Studio Version 17
VisualStudioVersion = 17.4.33213.308
MinimumVisualStudioVersion = 10.0.40219.1
Project("{9A19103F-16F7-4668-BE54-9A1E7A4F7556}") = "day01", "day01\day01.csproj", "{B9F487B1-9F8F-47C4-AD8F-C42663382275}"
EndProject
Project("{9A19103F-16F7-4668-BE54-9A1E7A4F7556}") = "aoc", "..\aoc\aoc\aoc.csproj", "{6D11E169-FF31-45F5-9034-B55EDBA4BF4C}"
EndProject
Project("{9A19103F-16F7-4668-BE54-9A1E7A4F7556}") = "day02", "day02\day02.csproj", "{7DFF95CA-6F42-4176-814F-2E71C00EDCE3}"
EndProject
Project("{9A19103F-16F7-4668-BE54-9A1E7A4F7556}") = "day03", "day03\day03.csproj", "{367C7343-4986-4688-AE59-CE364D4C7E43}"
EndProject
Project("{9A19103F-16F7-4668-BE54-9A1E7A4F7556}") = "day04", "day04\day04.csproj", "{B2DF0B5A-D2F3-4069-9421-D2BE76DD6A7E}"
EndProject
Project("{9A19103F-16F7-4668-BE54-9A1E7A4F7556}") = "day05", "day05\day05.csproj", "{545ABD6C-D532-431C-AF57-E6ED46CA1D2F}"
EndProject
Project("{9A19103F-16F7-4668-BE54-9A1E7A4F7556}") = "day06", "day06\day06.csproj", "{BE205AB9-B64B-4514-93A6-286E8307B417}"
EndProject
Project("{9A19103F-16F7-4668-BE54-9A1E7A4F7556}") = "day07", "day07\day07.csproj", "{69E20386-0227-4CBB-B25C-3F7DD3A574E0}"
EndProject
Project("{9A19103F-16F7-4668-BE54-9A1E7A4F7556}") = "day08", "day08\day08.csproj", "{B9C85E67-91DE-4EA5-B40C-D146006A190E}"
EndProject
Project("{9A19103F-16F7-4668-BE54-9A1E7A4F7556}") = "day09", "day09\day09.csproj", "{61A1DB6B-1326-4713-B7B0-C6BA0F46C5A4}"
EndProject
Project("{9A19103F-16F7-4668-BE54-9A1E7A4F7556}") = "day10", "day10\day10.csproj", "{216F756C-71E0-416C-8EE9-62F7FAD8823F}"
EndProject
Project("{9A19103F-16F7-4668-BE54-9A1E7A4F7556}") = "day11", "day11\day11.csproj", "{4C6DD0C7-087C-466E-B757-265500C12E6E}"
EndProject
Project("{9A19103F-16F7-4668-BE54-9A1E7A4F7556}") = "day12", "day12\day12.csproj", "{BF430BE7-8F2D-4448-9A41-9368E891E298}"
EndProject
Project("{9A19103F-16F7-4668-BE54-9A1E7A4F7556}") = "day13", "day13\day13.csproj", "{523EFB95-6077-4EF7-89C9-796FED45B351}"
EndProject
Project("{9A19103F-16F7-4668-BE54-9A1E7A4F7556}") = "day14", "day14\day14.csproj", "{F7E7570B-770A-4FA2-B4F8-93A740687FCC}"
EndProject
Project("{9A19103F-16F7-4668-BE54-9A1E7A4F7556}") = "day15", "day15\day15.csproj", "{93C3E075-7140-43A7-B568-9913F100C289}"
EndProject
Project("{9A19103F-16F7-4668-BE54-9A1E7A4F7556}") = "day16", "day16\day16.csproj", "{5D8EA20D-51F7-48B8-A036-3C8A0262A613}"
EndProject
Project("{9A19103F-16F7-4668-BE54-9A1E7A4F7556}") = "day17", "day17\day17.csproj", "{4286D346-87F9-4C71-ABF4-5FB5C1BF2A23}"
EndProject
Project("{9A19103F-16F7-4668-BE54-9A1E7A4F7556}") = "day18", "day18\day18.csproj", "{75B3752E-EEE8-4724-93E2-547B17ECD7CE}"
EndProject
Project("{9A19103F-16F7-4668-BE54-9A1E7A4F7556}") = "day19", "day19\day19.csproj", "{544B0035-A324-43D9-B15A-96DF56F02F7F}"
EndProject
Project("{9A19103F-16F7-4668-BE54-9A1E7A4F7556}") = "day21", "day21\day21.csproj", "{8A3D4E02-DDAB-47EC-A360-DE995FC0C1F6}"
EndProject
Project("{9A19103F-16F7-4668-BE54-9A1E7A4F7556}") = "day22", "day22\day22.csproj", "{4875D5F9-9EEF-42B1-A8AF-4794B0465D94}"
EndProject
Project("{9A19103F-16F7-4668-BE54-9A1E7A4F7556}") = "day23", "day23\day23.csproj", "{B5C415DC-ED8C-43D2-8D31-AECE830B066E}"
EndProject
Project("{FAE04EC0-301F-11D3-BF4B-00C04F79EFBC}") = "day24", "day24\day24.csproj", "{2ED2C20D-95D2-4CC1-9EFE-1C257F676709}"
EndProject
Global
	GlobalSection(SolutionConfigurationPlatforms) = preSolution
		Debug|Any CPU = Debug|Any CPU
		Release|Any CPU = Release|Any CPU
	EndGlobalSection
	GlobalSection(ProjectConfigurationPlatforms) = postSolution
		{B9F487B1-9F8F-47C4-AD8F-C42663382275}.Debug|Any CPU.ActiveCfg = Debug|Any CPU
		{B9F487B1-9F8F-47C4-AD8F-C42663382275}.Debug|Any CPU.Build.0 = Debug|Any CPU
		{B9F487B1-9F8F-47C4-AD8F-C42663382275}.Release|Any CPU.ActiveCfg = Release|Any CPU
		{B9F487B1-9F8F-47C4-AD8F-C42663382275}.Release|Any CPU.Build.0 = Release|Any CPU
		{6D11E169-FF31-45F5-9034-B55EDBA4BF4C}.Debug|Any CPU.ActiveCfg = Debug|Any CPU
		{6D11E169-FF31-45F5-9034-B55EDBA4BF4C}.Debug|Any CPU.Build.0 = Debug|Any CPU
		{6D11E169-FF31-45F5-9034-B55EDBA4BF4C}.Release|Any CPU.ActiveCfg = Release|Any CPU
		{6D11E169-FF31-45F5-9034-B55EDBA4BF4C}.Release|Any CPU.Build.0 = Release|Any CPU
		{7DFF95CA-6F42-4176-814F-2E71C00EDCE3}.Debug|Any CPU.ActiveCfg = Debug|Any CPU
		{7DFF95CA-6F42-4176-814F-2E71C00EDCE3}.Debug|Any CPU.Build.0 = Debug|Any CPU
		{7DFF95CA-6F42-4176-814F-2E71C00EDCE3}.Release|Any CPU.ActiveCfg = Release|Any CPU
		{7DFF95CA-6F42-4176-814F-2E71C00EDCE3}.Release|Any CPU.Build.0 = Release|Any CPU
		{367C7343-4986-4688-AE59-CE364D4C7E43}.Debug|Any CPU.ActiveCfg = Debug|Any CPU
		{367C7343-4986-4688-AE59-CE364D4C7E43}.Debug|Any CPU.Build.0 = Debug|Any CPU
		{367C7343-4986-4688-AE59-CE364D4C7E43}.Release|Any CPU.ActiveCfg = Release|Any CPU
		{367C7343-4986-4688-AE59-CE364D4C7E43}.Release|Any CPU.Build.0 = Release|Any CPU
		{B2DF0B5A-D2F3-4069-9421-D2BE76DD6A7E}.Debug|Any CPU.ActiveCfg = Debug|Any CPU
		{B2DF0B5A-D2F3-4069-9421-D2BE76DD6A7E}.Debug|Any CPU.Build.0 = Debug|Any CPU
		{B2DF0B5A-D2F3-4069-9421-D2BE76DD6A7E}.Release|Any CPU.ActiveCfg = Release|Any CPU
		{B2DF0B5A-D2F3-4069-9421-D2BE76DD6A7E}.Release|Any CPU.Build.0 = Release|Any CPU
		{545ABD6C-D532-431C-AF57-E6ED46CA1D2F}.Debug|Any CPU.ActiveCfg = Debug|Any CPU
		{545ABD6C-D532-431C-AF57-E6ED46CA1D2F}.Debug|Any CPU.Build.0 = Debug|Any CPU
		{545ABD6C-D532-431C-AF57-E6ED46CA1D2F}.Release|Any CPU.ActiveCfg = Release|Any CPU
		{545ABD6C-D532-431C-AF57-E6ED46CA1D2F}.Release|Any CPU.Build.0 = Release|Any CPU
		{BE205AB9-B64B-4514-93A6-286E8307B417}.Debug|Any CPU.ActiveCfg = Debug|Any CPU
		{BE205AB9-B64B-4514-93A6-286E8307B417}.Debug|Any CPU.Build.0 = Debug|Any CPU
		{BE205AB9-B64B-4514-93A6-286E8307B417}.Release|Any CPU.ActiveCfg = Release|Any CPU
		{BE205AB9-B64B-4514-93A6-286E8307B417}.Release|Any CPU.Build.0 = Release|Any CPU
		{69E20386-0227-4CBB-B25C-3F7DD3A574E0}.Debug|Any CPU.ActiveCfg = Debug|Any CPU
		{69E20386-0227-4CBB-B25C-3F7DD3A574E0}.Debug|Any CPU.Build.0 = Debug|Any CPU
		{69E20386-0227-4CBB-B25C-3F7DD3A574E0}.Release|Any CPU.ActiveCfg = Release|Any CPU
		{69E20386-0227-4CBB-B25C-3F7DD3A574E0}.Release|Any CPU.Build.0 = Release|Any CPU
		{B9C85E67-91DE-4EA5-B40C-D146006A190E}.Debug|Any CPU.ActiveCfg = Debug|Any CPU
		{B9C85E67-91DE-4EA5-B40C-D146006A190E}.Debug|Any CPU.Build.0 = Debug|Any CPU
		{B9C85E67-91DE-4EA5-B40C-D146006A190E}.Release|Any CPU.ActiveCfg = Release|Any CPU
		{B9C85E67-91DE-4EA5-B40C-D146006A190E}.Release|Any CPU.Build.0 = Release|Any CPU
		{61A1DB6B-1326-4713-B7B0-C6BA0F46C5A4}.Debug|Any CPU.ActiveCfg = Debug|Any CPU
		{61A1DB6B-1326-4713-B7B0-C6BA0F46C5A4}.Debug|Any CPU.Build.0 = Debug|Any CPU
		{61A1DB6B-1326-4713-B7B0-C6BA0F46C5A4}.Release|Any CPU.ActiveCfg = Release|Any CPU
		{61A1DB6B-1326-4713-B7B0-C6BA0F46C5A4}.Release|Any CPU.Build.0 = Release|Any CPU
		{216F756C-71E0-416C-8EE9-62F7FAD8823F}.Debug|Any CPU.ActiveCfg = Debug|Any CPU
		{216F756C-71E0-416C-8EE9-62F7FAD8823F}.Debug|Any CPU.Build.0 = Debug|Any CPU
		{216F756C-71E0-416C-8EE9-62F7FAD8823F}.Release|Any CPU.ActiveCfg = Release|Any CPU
		{216F756C-71E0-416C-8EE9-62F7FAD8823F}.Release|Any CPU.Build.0 = Release|Any CPU
		{4C6DD0C7-087C-466E-B757-265500C12E6E}.Debug|Any CPU.ActiveCfg = Debug|Any CPU
		{4C6DD0C7-087C-466E-B757-265500C12E6E}.Debug|Any CPU.Build.0 = Debug|Any CPU
		{4C6DD0C7-087C-466E-B757-265500C12E6E}.Release|Any CPU.ActiveCfg = Release|Any CPU
		{4C6DD0C7-087C-466E-B757-265500C12E6E}.Release|Any CPU.Build.0 = Release|Any CPU
		{BF430BE7-8F2D-4448-9A41-9368E891E298}.Debug|Any CPU.ActiveCfg = Debug|Any CPU
		{BF430BE7-8F2D-4448-9A41-9368E891E298}.Debug|Any CPU.Build.0 = Debug|Any CPU
		{BF430BE7-8F2D-4448-9A41-9368E891E298}.Release|Any CPU.ActiveCfg = Release|Any CPU
		{BF430BE7-8F2D-4448-9A41-9368E891E298}.Release|Any CPU.Build.0 = Release|Any CPU
		{523EFB95-6077-4EF7-89C9-796FED45B351}.Debug|Any CPU.ActiveCfg = Debug|Any CPU
		{523EFB95-6077-4EF7-89C9-796FED45B351}.Debug|Any CPU.Build.0 = Debug|Any CPU
		{523EFB95-6077-4EF7-89C9-796FED45B351}.Release|Any CPU.ActiveCfg = Release|Any CPU
		{523EFB95-6077-4EF7-89C9-796FED45B351}.Release|Any CPU.Build.0 = Release|Any CPU
		{F7E7570B-770A-4FA2-B4F8-93A740687FCC}.Debug|Any CPU.ActiveCfg = Debug|Any CPU
		{F7E7570B-770A-4FA2-B4F8-93A740687FCC}.Debug|Any CPU.Build.0 = Debug|Any CPU
		{F7E7570B-770A-4FA2-B4F8-93A740687FCC}.Release|Any CPU.ActiveCfg = Release|Any CPU
		{F7E7570B-770A-4FA2-B4F8-93A740687FCC}.Release|Any CPU.Build.0 = Release|Any CPU
		{93C3E075-7140-43A7-B568-9913F100C289}.Debug|Any CPU.ActiveCfg = Debug|Any CPU
		{93C3E075-7140-43A7-B568-9913F100C289}.Debug|Any CPU.Build.0 = Debug|Any CPU
		{93C3E075-7140-43A7-B568-9913F100C289}.Release|Any CPU.ActiveCfg = Release|Any CPU
		{93C3E075-7140-43A7-B568-9913F100C289}.Release|Any CPU.Build.0 = Release|Any CPU
		{5D8EA20D-51F7-48B8-A036-3C8A0262A613}.Debug|Any CPU.ActiveCfg = Debug|Any CPU
		{5D8EA20D-51F7-48B8-A036-3C8A0262A613}.Debug|Any CPU.Build.0 = Debug|Any CPU
		{5D8EA20D-51F7-48B8-A036-3C8A0262A613}.Release|Any CPU.ActiveCfg = Release|Any CPU
		{5D8EA20D-51F7-48B8-A036-3C8A0262A613}.Release|Any CPU.Build.0 = Release|Any CPU
		{4286D346-87F9-4C71-ABF4-5FB5C1BF2A23}.Debug|Any CPU.ActiveCfg = Debug|Any CPU
		{4286D346-87F9-4C71-ABF4-5FB5C1BF2A23}.Debug|Any CPU.Build.0 = Debug|Any CPU
		{4286D346-87F9-4C71-ABF4-5FB5C1BF2A23}.Release|Any CPU.ActiveCfg = Release|Any CPU
		{4286D346-87F9-4C71-ABF4-5FB5C1BF2A23}.Release|Any CPU.Build.0 = Release|Any CPU
		{75B3752E-EEE8-4724-93E2-547B17ECD7CE}.Debug|Any CPU.ActiveCfg = Debug|Any CPU
		{75B3752E-EEE8-4724-93E2-547B17ECD7CE}.Debug|Any CPU.Build.0 = Debug|Any CPU
		{75B3752E-EEE8-4724-93E2-547B17ECD7CE}.Release|Any CPU.ActiveCfg = Release|Any CPU
		{75B3752E-EEE8-4724-93E2-547B17ECD7CE}.Release|Any CPU.Build.0 = Release|Any CPU
		{544B0035-A324-43D9-B15A-96DF56F02F7F}.Debug|Any CPU.ActiveCfg = Debug|Any CPU
		{544B0035-A324-43D9-B15A-96DF56F02F7F}.Debug|Any CPU.Build.0 = Debug|Any CPU
		{544B0035-A324-43D9-B15A-96DF56F02F7F}.Release|Any CPU.ActiveCfg = Release|Any CPU
		{544B0035-A324-43D9-B15A-96DF56F02F7F}.Release|Any CPU.Build.0 = Release|Any CPU
		{8A3D4E02-DDAB-47EC-A360-DE995FC0C1F6}.Debug|Any CPU.ActiveCfg = Debug|Any CPU
		{8A3D4E02-DDAB-47EC-A360-DE995FC0C1F6}.Debug|Any CPU.Build.0 = Debug|Any CPU
		{8A3D4E02-DDAB-47EC-A360-DE995FC0C1F6}.Release|Any CPU.ActiveCfg = Release|Any CPU
		{8A3D4E02-DDAB-47EC-A360-DE995FC0C1F6}.Release|Any CPU.Build.0 = Release|Any CPU
		{4875D5F9-9EEF-42B1-A8AF-4794B0465D94}.Debug|Any CPU.ActiveCfg = Debug|Any CPU
		{4875D5F9-9EEF-42B1-A8AF-4794B0465D94}.Debug|Any CPU.Build.0 = Debug|Any CPU
		{4875D5F9-9EEF-42B1-A8AF-4794B0465D94}.Release|Any CPU.ActiveCfg = Release|Any CPU
		{4875D5F9-9EEF-42B1-A8AF-4794B0465D94}.Release|Any CPU.Build.0 = Release|Any CPU
		{B5C415DC-ED8C-43D2-8D31-AECE830B066E}.Debug|Any CPU.ActiveCfg = Debug|Any CPU
		{B5C415DC-ED8C-43D2-8D31-AECE830B066E}.Debug|Any CPU.Build.0 = Debug|Any CPU
		{B5C415DC-ED8C-43D2-8D31-AECE830B066E}.Release|Any CPU.ActiveCfg = Release|Any CPU
		{B5C415DC-ED8C-43D2-8D31-AECE830B066E}.Release|Any CPU.Build.0 = Release|Any CPU
		{2ED2C20D-95D2-4CC1-9EFE-1C257F676709}.Debug|Any CPU.ActiveCfg = Debug|Any CPU
		{2ED2C20D-95D2-4CC1-9EFE-1C257F676709}.Debug|Any CPU.Build.0 = Debug|Any CPU
		{2ED2C20D-95D2-4CC1-9EFE-1C257F676709}.Release|Any CPU.ActiveCfg = Release|Any CPU
		{2ED2C20D-95D2-4CC1-9EFE-1C257F676709}.Release|Any CPU.Build.0 = Release|Any CPU
	EndGlobalSection
	GlobalSection(SolutionProperties) = preSolution
		HideSolutionNode = FALSE
	EndGlobalSection
	GlobalSection(ExtensibilityGlobals) = postSolution
		SolutionGuid = {F17B6D13-E8D5-4C74-AD1E-5FF62C3AB5DE}
	EndGlobalSection
EndGlobal
